
Microsoft Visual Studio Solution File, Format Version 12.00
# Visual Studio Version 17
VisualStudioVersion = 17.12.35707.178 d17.12
MinimumVisualStudioVersion = 10.0.40219.1
Project("{FAE04EC0-301F-11D3-BF4B-00C04F79EFBC}") = "Model", "Model\Model.csproj", "{749315BE-64D1-4B89-BD7F-C46B4584E272}"
EndProject
Project("{FAE04EC0-301F-11D3-BF4B-00C04F79EFBC}") = "Service", "Service\Service.csproj", "{9D9FB895-75C7-47FD-8154-BBDA031BC8D7}"
EndProject
Project("{FAE04EC0-301F-11D3-BF4B-00C04F79EFBC}") = "View", "View\View.csproj", "{6FFC4DF4-840D-44E1-AD9B-78713B399612}"
EndProject
Global
	GlobalSection(SolutionConfigurationPlatforms) = preSolution
		Debug|Any CPU = Debug|Any CPU
		Release|Any CPU = Release|Any CPU
	EndGlobalSection
	GlobalSection(ProjectConfigurationPlatforms) = postSolution
		{749315BE-64D1-4B89-BD7F-C46B4584E272}.Debug|Any CPU.ActiveCfg = Debug|Any CPU
		{749315BE-64D1-4B89-BD7F-C46B4584E272}.Debug|Any CPU.Build.0 = Debug|Any CPU
		{749315BE-64D1-4B89-BD7F-C46B4584E272}.Release|Any CPU.ActiveCfg = Release|Any CPU
		{749315BE-64D1-4B89-BD7F-C46B4584E272}.Release|Any CPU.Build.0 = Release|Any CPU
		{9D9FB895-75C7-47FD-8154-BBDA031BC8D7}.Debug|Any CPU.ActiveCfg = Debug|Any CPU
		{9D9FB895-75C7-47FD-8154-BBDA031BC8D7}.Debug|Any CPU.Build.0 = Debug|Any CPU
		{9D9FB895-75C7-47FD-8154-BBDA031BC8D7}.Release|Any CPU.ActiveCfg = Release|Any CPU
		{9D9FB895-75C7-47FD-8154-BBDA031BC8D7}.Release|Any CPU.Build.0 = Release|Any CPU
		{6FFC4DF4-840D-44E1-AD9B-78713B399612}.Debug|Any CPU.ActiveCfg = Debug|Any CPU
		{6FFC4DF4-840D-44E1-AD9B-78713B399612}.Debug|Any CPU.Build.0 = Debug|Any CPU
		{6FFC4DF4-840D-44E1-AD9B-78713B399612}.Release|Any CPU.ActiveCfg = Release|Any CPU
		{6FFC4DF4-840D-44E1-AD9B-78713B399612}.Release|Any CPU.Build.0 = Release|Any CPU
	EndGlobalSection
	GlobalSection(SolutionProperties) = preSolution
		HideSolutionNode = FALSE
	EndGlobalSection
EndGlobal
